
Microsoft Visual Studio Solution File, Format Version 12.00
# Visual Studio 15
VisualStudioVersion = 15.0.27703.2042
MinimumVisualStudioVersion = 10.0.40219.1
Project("{FAE04EC0-301F-11D3-BF4B-00C04F79EFBC}") = "Web", "Web\Web.csproj", "{483BB993-3F20-4AF7-B37A-6CEF32F93EBD}"
EndProject
Project("{FAE04EC0-301F-11D3-BF4B-00C04F79EFBC}") = "Interface", "Interface\Interface.csproj", "{D7C150D3-7F6E-4300-92D9-74F2F36BE799}"
EndProject
Project("{FAE04EC0-301F-11D3-BF4B-00C04F79EFBC}") = "DataAccess", "DataAccess\DataAccess.csproj", "{5941A087-A3B2-456F-AF64-8881ED9AA242}"
EndProject
Project("{FAE04EC0-301F-11D3-BF4B-00C04F79EFBC}") = "Common", "Common\Common.csproj", "{F3EDEF19-EC3C-4029-8F19-BD39C89DBF0F}"
EndProject
Project("{FAE04EC0-301F-11D3-BF4B-00C04F79EFBC}") = "CoreEntities", "Entities\CoreEntities.csproj", "{E0448B4D-6A1A-465B-AE71-7A0D7E53C0CA}"
EndProject
Global
	GlobalSection(SolutionConfigurationPlatforms) = preSolution
		Debug|Any CPU = Debug|Any CPU
		Release|Any CPU = Release|Any CPU
	EndGlobalSection
	GlobalSection(ProjectConfigurationPlatforms) = postSolution
		{483BB993-3F20-4AF7-B37A-6CEF32F93EBD}.Debug|Any CPU.ActiveCfg = Debug|Any CPU
		{483BB993-3F20-4AF7-B37A-6CEF32F93EBD}.Debug|Any CPU.Build.0 = Debug|Any CPU
		{483BB993-3F20-4AF7-B37A-6CEF32F93EBD}.Release|Any CPU.ActiveCfg = Release|Any CPU
		{483BB993-3F20-4AF7-B37A-6CEF32F93EBD}.Release|Any CPU.Build.0 = Release|Any CPU
		{D7C150D3-7F6E-4300-92D9-74F2F36BE799}.Debug|Any CPU.ActiveCfg = Debug|Any CPU
		{D7C150D3-7F6E-4300-92D9-74F2F36BE799}.Debug|Any CPU.Build.0 = Debug|Any CPU
		{D7C150D3-7F6E-4300-92D9-74F2F36BE799}.Release|Any CPU.ActiveCfg = Release|Any CPU
		{D7C150D3-7F6E-4300-92D9-74F2F36BE799}.Release|Any CPU.Build.0 = Release|Any CPU
		{5941A087-A3B2-456F-AF64-8881ED9AA242}.Debug|Any CPU.ActiveCfg = Debug|Any CPU
		{5941A087-A3B2-456F-AF64-8881ED9AA242}.Debug|Any CPU.Build.0 = Debug|Any CPU
		{5941A087-A3B2-456F-AF64-8881ED9AA242}.Release|Any CPU.ActiveCfg = Release|Any CPU
		{5941A087-A3B2-456F-AF64-8881ED9AA242}.Release|Any CPU.Build.0 = Release|Any CPU
		{F3EDEF19-EC3C-4029-8F19-BD39C89DBF0F}.Debug|Any CPU.ActiveCfg = Debug|Any CPU
		{F3EDEF19-EC3C-4029-8F19-BD39C89DBF0F}.Debug|Any CPU.Build.0 = Debug|Any CPU
		{F3EDEF19-EC3C-4029-8F19-BD39C89DBF0F}.Release|Any CPU.ActiveCfg = Release|Any CPU
		{F3EDEF19-EC3C-4029-8F19-BD39C89DBF0F}.Release|Any CPU.Build.0 = Release|Any CPU
		{E0448B4D-6A1A-465B-AE71-7A0D7E53C0CA}.Debug|Any CPU.ActiveCfg = Debug|Any CPU
		{E0448B4D-6A1A-465B-AE71-7A0D7E53C0CA}.Debug|Any CPU.Build.0 = Debug|Any CPU
		{E0448B4D-6A1A-465B-AE71-7A0D7E53C0CA}.Release|Any CPU.ActiveCfg = Release|Any CPU
		{E0448B4D-6A1A-465B-AE71-7A0D7E53C0CA}.Release|Any CPU.Build.0 = Release|Any CPU
	EndGlobalSection
	GlobalSection(SolutionProperties) = preSolution
		HideSolutionNode = FALSE
	EndGlobalSection
	GlobalSection(ExtensibilityGlobals) = postSolution
		SolutionGuid = {0B3B4015-2107-4252-BCE5-D5A51EC6BDA7}
	EndGlobalSection
EndGlobal
